Microsoft Visual Studio Solution File, Format Version 8.00
Project("{8BC9CEB8-8B4A-11D0-8D11-00A0C91BC942}") = "MzScheme", "mzscheme.vcproj", "{EB7023C8-6D72-4DE4-ADFC-3913C4C70991}"
	ProjectSection(ProjectDependencies) = postProject
		{2D99E176-BCA5-4B8E-B25C-1B2D7179C188} = {2D99E176-BCA5-4B8E-B25C-1B2D7179C188}
		{CB68718B-24BF-43E3-9E96-BCF9B37CFE2D} = {CB68718B-24BF-43E3-9E96-BCF9B37CFE2D}
	EndProjectSection
EndProject
Project("{8BC9CEB8-8B4A-11D0-8D11-00A0C91BC942}") = "libmzsch", "..\libmzsch\libmzsch.vcproj", "{2D99E176-BCA5-4B8E-B25C-1B2D7179C188}"
	ProjectSection(ProjectDependencies) = postProject
		{CB68718B-24BF-43E3-9E96-BCF9B37CFE2D} = {CB68718B-24BF-43E3-9E96-BCF9B37CFE2D}
	EndProjectSection
EndProject
Project("{8BC9CEB8-8B4A-11D0-8D11-00A0C91BC942}") = "libmzgc", "..\libmzgc\libmzgc.vcproj", "{CB68718B-24BF-43E3-9E96-BCF9B37CFE2D}"
	ProjectSection(ProjectDependencies) = postProject
	EndProjectSection
EndProject
Global
	GlobalSection(SolutionConfiguration) = preSolution
		Debug = Debug
		Release = Release
	EndGlobalSection
	GlobalSection(ProjectConfiguration) = postSolution
		{EB7023C8-6D72-4DE4-ADFC-3913C4C70991}.Debug.ActiveCfg = Debug|Win32
		{EB7023C8-6D72-4DE4-ADFC-3913C4C70991}.Debug.Build.0 = Debug|Win32
		{EB7023C8-6D72-4DE4-ADFC-3913C4C70991}.Release.ActiveCfg = Release|Win32
		{EB7023C8-6D72-4DE4-ADFC-3913C4C70991}.Release.Build.0 = Release|Win32
		{2D99E176-BCA5-4B8E-B25C-1B2D7179C188}.Debug.ActiveCfg = Debug|Win32
		{2D99E176-BCA5-4B8E-B25C-1B2D7179C188}.Debug.Build.0 = Debug|Win32
		{2D99E176-BCA5-4B8E-B25C-1B2D7179C188}.Release.ActiveCfg = Release|Win32
		{2D99E176-BCA5-4B8E-B25C-1B2D7179C188}.Release.Build.0 = Release|Win32
		{CB68718B-24BF-43E3-9E96-BCF9B37CFE2D}.Debug.ActiveCfg = Debug|Win32
		{CB68718B-24BF-43E3-9E96-BCF9B37CFE2D}.Debug.Build.0 = Debug|Win32
		{CB68718B-24BF-43E3-9E96-BCF9B37CFE2D}.Release.ActiveCfg = Release|Win32
		{CB68718B-24BF-43E3-9E96-BCF9B37CFE2D}.Release.Build.0 = Release|Win32
	EndGlobalSection
	GlobalSection(ExtensibilityGlobals) = postSolution
	EndGlobalSection
	GlobalSection(ExtensibilityAddIns) = postSolution
	EndGlobalSection
EndGlobal
