Microsoft Visual Studio Solution File, Format Version 9.00
# Visual Studio 2005
Project("{8BC9CEB8-8B4A-11D0-8D11-00A0C91BC942}") = "myspage", "myspage\myspage.vcproj", "{4F5E803D-985F-43B1-8BDC-B8F6D12F56B8}"
EndProject
Project("{8BC9CEB8-8B4A-11D0-8D11-00A0C91BC942}") = "myssink", "myssink\myssink.vcproj", "{1B8F4E47-9F2D-45EA-9941-7672B28E8285}"
EndProject
Project("{8BC9CEB8-8B4A-11D0-8D11-00A0C91BC942}") = "libmysterx", "libmysterx.vcproj", "{68D1B4E0-D9D3-45C3-9BCC-A5491F1F755A}"
	ProjectSection(ProjectDependencies) = postProject
		{4F5E803D-985F-43B1-8BDC-B8F6D12F56B8} = {4F5E803D-985F-43B1-8BDC-B8F6D12F56B8}
		{1B8F4E47-9F2D-45EA-9941-7672B28E8285} = {1B8F4E47-9F2D-45EA-9941-7672B28E8285}
	EndProjectSection
EndProject
Project("{8BC9CEB8-8B4A-11D0-8D11-00A0C91BC942}") = "dotnet", "dotnet\dotnet.vcproj", "{44BA9F7B-63F7-41F4-B8E9-8C69A08A677C}"
EndProject
Project("{8BC9CEB8-8B4A-11D0-8D11-00A0C91BC942}") = "dotnetPS", "dotnet\dotnetPS.vcproj", "{5BF37E89-6891-42AD-9133-77B412C01724}"
	ProjectSection(ProjectDependencies) = postProject
		{44BA9F7B-63F7-41F4-B8E9-8C69A08A677C} = {44BA9F7B-63F7-41F4-B8E9-8C69A08A677C}
	EndProjectSection
EndProject
Global
	GlobalSection(SolutionConfigurationPlatforms) = preSolution
		3m|Win32 = 3m|Win32
		Debug|Win32 = Debug|Win32
		Jrm|Win32 = Jrm|Win32
		Release|Win32 = Release|Win32
	EndGlobalSection
	GlobalSection(ProjectConfigurationPlatforms) = postSolution
		{4F5E803D-985F-43B1-8BDC-B8F6D12F56B8}.3m|Win32.ActiveCfg = Release|Win32
		{4F5E803D-985F-43B1-8BDC-B8F6D12F56B8}.3m|Win32.Build.0 = Release|Win32
		{4F5E803D-985F-43B1-8BDC-B8F6D12F56B8}.Debug|Win32.ActiveCfg = Debug|Win32
		{4F5E803D-985F-43B1-8BDC-B8F6D12F56B8}.Debug|Win32.Build.0 = Debug|Win32
		{4F5E803D-985F-43B1-8BDC-B8F6D12F56B8}.Jrm|Win32.ActiveCfg = Jrm|Win32
		{4F5E803D-985F-43B1-8BDC-B8F6D12F56B8}.Jrm|Win32.Build.0 = Jrm|Win32
		{4F5E803D-985F-43B1-8BDC-B8F6D12F56B8}.Release|Win32.ActiveCfg = Release|Win32
		{4F5E803D-985F-43B1-8BDC-B8F6D12F56B8}.Release|Win32.Build.0 = Release|Win32
		{1B8F4E47-9F2D-45EA-9941-7672B28E8285}.3m|Win32.ActiveCfg = Release|Win32
		{1B8F4E47-9F2D-45EA-9941-7672B28E8285}.3m|Win32.Build.0 = Release|Win32
		{1B8F4E47-9F2D-45EA-9941-7672B28E8285}.Debug|Win32.ActiveCfg = Debug|Win32
		{1B8F4E47-9F2D-45EA-9941-7672B28E8285}.Debug|Win32.Build.0 = Debug|Win32
		{1B8F4E47-9F2D-45EA-9941-7672B28E8285}.Jrm|Win32.ActiveCfg = Jrm|Win32
		{1B8F4E47-9F2D-45EA-9941-7672B28E8285}.Jrm|Win32.Build.0 = Jrm|Win32
		{1B8F4E47-9F2D-45EA-9941-7672B28E8285}.Release|Win32.ActiveCfg = Release|Win32
		{1B8F4E47-9F2D-45EA-9941-7672B28E8285}.Release|Win32.Build.0 = Release|Win32
		{68D1B4E0-D9D3-45C3-9BCC-A5491F1F755A}.3m|Win32.ActiveCfg = 3m|Win32
		{68D1B4E0-D9D3-45C3-9BCC-A5491F1F755A}.3m|Win32.Build.0 = 3m|Win32
		{68D1B4E0-D9D3-45C3-9BCC-A5491F1F755A}.Debug|Win32.ActiveCfg = Debug|Win32
		{68D1B4E0-D9D3-45C3-9BCC-A5491F1F755A}.Debug|Win32.Build.0 = Debug|Win32
		{68D1B4E0-D9D3-45C3-9BCC-A5491F1F755A}.Jrm|Win32.ActiveCfg = Jrm|Win32
		{68D1B4E0-D9D3-45C3-9BCC-A5491F1F755A}.Jrm|Win32.Build.0 = Jrm|Win32
		{68D1B4E0-D9D3-45C3-9BCC-A5491F1F755A}.Release|Win32.ActiveCfg = Release|Win32
		{68D1B4E0-D9D3-45C3-9BCC-A5491F1F755A}.Release|Win32.Build.0 = Release|Win32
		{44BA9F7B-63F7-41F4-B8E9-8C69A08A677C}.3m|Win32.ActiveCfg = Release|Win32
		{44BA9F7B-63F7-41F4-B8E9-8C69A08A677C}.3m|Win32.Build.0 = Release|Win32
		{44BA9F7B-63F7-41F4-B8E9-8C69A08A677C}.Debug|Win32.ActiveCfg = Debug|Win32
		{44BA9F7B-63F7-41F4-B8E9-8C69A08A677C}.Jrm|Win32.ActiveCfg = Jrm|Win32
		{44BA9F7B-63F7-41F4-B8E9-8C69A08A677C}.Jrm|Win32.Build.0 = Jrm|Win32
		{44BA9F7B-63F7-41F4-B8E9-8C69A08A677C}.Release|Win32.ActiveCfg = Release|Win32
		{44BA9F7B-63F7-41F4-B8E9-8C69A08A677C}.Release|Win32.Build.0 = Release|Win32
		{5BF37E89-6891-42AD-9133-77B412C01724}.3m|Win32.ActiveCfg = Release|Win32
		{5BF37E89-6891-42AD-9133-77B412C01724}.Debug|Win32.ActiveCfg = Debug|Win32
		{5BF37E89-6891-42AD-9133-77B412C01724}.Jrm|Win32.ActiveCfg = Jrm|Win32
		{5BF37E89-6891-42AD-9133-77B412C01724}.Release|Win32.ActiveCfg = Release|Win32
	EndGlobalSection
	GlobalSection(SolutionProperties) = preSolution
		HideSolutionNode = FALSE
	EndGlobalSection
EndGlobal
