Microsoft Visual Studio Solution File, Format Version 10.00
# Visual Studio 2008
Project("{8BC9CEB8-8B4A-11D0-8D11-00A0C91BC942}") = "myspage", "myspage\myspage.vcproj", "{4F5E803D-985F-43B1-8BDC-B8F6D12F56B8}"
EndProject
Project("{8BC9CEB8-8B4A-11D0-8D11-00A0C91BC942}") = "myssink", "myssink\myssink.vcproj", "{1B8F4E47-9F2D-45EA-9941-7672B28E8285}"
EndProject
Project("{8BC9CEB8-8B4A-11D0-8D11-00A0C91BC942}") = "libmysterx", "libmysterx.vcproj", "{68D1B4E0-D9D3-45C3-9BCC-A5491F1F755A}"
	ProjectSection(ProjectDependencies) = postProject
		{4F5E803D-985F-43B1-8BDC-B8F6D12F56B8} = {4F5E803D-985F-43B1-8BDC-B8F6D12F56B8}
		{1B8F4E47-9F2D-45EA-9941-7672B28E8285} = {1B8F4E47-9F2D-45EA-9941-7672B28E8285}
	EndProjectSection
EndProject
Global
	GlobalSection(SolutionConfigurationPlatforms) = preSolution
		3m|Win32 = 3m|Win32
		3m|x64 = 3m|x64
		Debug|Win32 = Debug|Win32
		Debug|x64 = Debug|x64
		Release|Win32 = Release|Win32
		Release|x64 = Release|x64
	EndGlobalSection
	GlobalSection(ProjectConfigurationPlatforms) = postSolution
		{4F5E803D-985F-43B1-8BDC-B8F6D12F56B8}.3m|Win32.ActiveCfg = Release|Win32
		{4F5E803D-985F-43B1-8BDC-B8F6D12F56B8}.3m|Win32.Build.0 = Release|Win32
		{4F5E803D-985F-43B1-8BDC-B8F6D12F56B8}.3m|x64.ActiveCfg = Release|x64
		{4F5E803D-985F-43B1-8BDC-B8F6D12F56B8}.Debug|Win32.ActiveCfg = Debug|Win32
		{4F5E803D-985F-43B1-8BDC-B8F6D12F56B8}.Debug|Win32.Build.0 = Debug|Win32
		{4F5E803D-985F-43B1-8BDC-B8F6D12F56B8}.Debug|x64.ActiveCfg = Debug|x64
		{4F5E803D-985F-43B1-8BDC-B8F6D12F56B8}.Debug|x64.Build.0 = Debug|x64
		{4F5E803D-985F-43B1-8BDC-B8F6D12F56B8}.Release|Win32.ActiveCfg = Release|Win32
		{4F5E803D-985F-43B1-8BDC-B8F6D12F56B8}.Release|Win32.Build.0 = Release|Win32
		{4F5E803D-985F-43B1-8BDC-B8F6D12F56B8}.Release|x64.ActiveCfg = Release|x64
		{4F5E803D-985F-43B1-8BDC-B8F6D12F56B8}.Release|x64.Build.0 = Release|x64
		{1B8F4E47-9F2D-45EA-9941-7672B28E8285}.3m|Win32.ActiveCfg = Release|Win32
		{1B8F4E47-9F2D-45EA-9941-7672B28E8285}.3m|Win32.Build.0 = Release|Win32
		{1B8F4E47-9F2D-45EA-9941-7672B28E8285}.3m|x64.ActiveCfg = Release|x64
		{1B8F4E47-9F2D-45EA-9941-7672B28E8285}.Debug|Win32.ActiveCfg = Debug|Win32
		{1B8F4E47-9F2D-45EA-9941-7672B28E8285}.Debug|Win32.Build.0 = Debug|Win32
		{1B8F4E47-9F2D-45EA-9941-7672B28E8285}.Debug|x64.ActiveCfg = Debug|x64
		{1B8F4E47-9F2D-45EA-9941-7672B28E8285}.Debug|x64.Build.0 = Debug|x64
		{1B8F4E47-9F2D-45EA-9941-7672B28E8285}.Release|Win32.ActiveCfg = Release|Win32
		{1B8F4E47-9F2D-45EA-9941-7672B28E8285}.Release|Win32.Build.0 = Release|Win32
		{1B8F4E47-9F2D-45EA-9941-7672B28E8285}.Release|x64.ActiveCfg = Release|x64
		{1B8F4E47-9F2D-45EA-9941-7672B28E8285}.Release|x64.Build.0 = Release|x64
		{68D1B4E0-D9D3-45C3-9BCC-A5491F1F755A}.3m|Win32.ActiveCfg = 3m|Win32
		{68D1B4E0-D9D3-45C3-9BCC-A5491F1F755A}.3m|Win32.Build.0 = 3m|Win32
		{68D1B4E0-D9D3-45C3-9BCC-A5491F1F755A}.3m|x64.ActiveCfg = 3m|x64
		{68D1B4E0-D9D3-45C3-9BCC-A5491F1F755A}.3m|x64.Build.0 = 3m|x64
		{68D1B4E0-D9D3-45C3-9BCC-A5491F1F755A}.Debug|Win32.ActiveCfg = Debug|Win32
		{68D1B4E0-D9D3-45C3-9BCC-A5491F1F755A}.Debug|Win32.Build.0 = Debug|Win32
		{68D1B4E0-D9D3-45C3-9BCC-A5491F1F755A}.Debug|x64.ActiveCfg = Debug|x64
		{68D1B4E0-D9D3-45C3-9BCC-A5491F1F755A}.Debug|x64.Build.0 = Debug|x64
		{68D1B4E0-D9D3-45C3-9BCC-A5491F1F755A}.Release|Win32.ActiveCfg = Release|Win32
		{68D1B4E0-D9D3-45C3-9BCC-A5491F1F755A}.Release|Win32.Build.0 = Release|Win32
		{68D1B4E0-D9D3-45C3-9BCC-A5491F1F755A}.Release|x64.ActiveCfg = Release|x64
		{68D1B4E0-D9D3-45C3-9BCC-A5491F1F755A}.Release|x64.Build.0 = Release|x64
	EndGlobalSection
	GlobalSection(SolutionProperties) = preSolution
		HideSolutionNode = FALSE
	EndGlobalSection
EndGlobal
