Microsoft Visual Studio Solution File, Format Version 9.00
# Visual Studio 2005
Project("{8BC9CEB8-8B4A-11D0-8D11-00A0C91BC942}") = "GRacket", "gracket.vcproj", "{D59A2B28-330B-41F5-8261-F5BC1019E163}"
	ProjectSection(ProjectDependencies) = postProject
		{81BD2D42-F150-493D-94BA-88585B202789} = {81BD2D42-F150-493D-94BA-88585B202789}
		{A6713577-7DFB-48F8-B8C1-7DB2D7C51F90} = {A6713577-7DFB-48F8-B8C1-7DB2D7C51F90}
		{66548E7B-294E-40EF-B7C0-C8D6D7E6234F} = {66548E7B-294E-40EF-B7C0-C8D6D7E6234F}
	EndProjectSection
EndProject
Project("{8BC9CEB8-8B4A-11D0-8D11-00A0C91BC942}") = "libgracket", "..\libgracket\libgracket.vcproj", "{81BD2D42-F150-493D-94BA-88585B202789}"
	ProjectSection(ProjectDependencies) = postProject
		{B9FC613A-B427-4DB5-B1E3-7673D384ECE3} = {B9FC613A-B427-4DB5-B1E3-7673D384ECE3}
		{5386B148-05B4-483B-B144-C3E2A6E15C78} = {5386B148-05B4-483B-B144-C3E2A6E15C78}
		{1C9F9C4D-FA97-4A56-8E7F-CA1EC99C35E3} = {1C9F9C4D-FA97-4A56-8E7F-CA1EC99C35E3}
		{A6713577-7DFB-48F8-B8C1-7DB2D7C51F90} = {A6713577-7DFB-48F8-B8C1-7DB2D7C51F90}
		{66548E7B-294E-40EF-B7C0-C8D6D7E6234F} = {66548E7B-294E-40EF-B7C0-C8D6D7E6234F}
		{8CE7DC81-695B-436B-AA96-2D753846AFE5} = {8CE7DC81-695B-436B-AA96-2D753846AFE5}
		{85CFDF8A-E7A2-4B6D-A0D2-1C75835B6AEA} = {85CFDF8A-E7A2-4B6D-A0D2-1C75835B6AEA}
		{1549C7C5-AF41-43BE-B905-BA6374FE6BEC} = {1549C7C5-AF41-43BE-B905-BA6374FE6BEC}
		{31231DD7-4B8F-4E46-A747-81E41AFE04B5} = {31231DD7-4B8F-4E46-A747-81E41AFE04B5}
	EndProjectSection
EndProject
Project("{8BC9CEB8-8B4A-11D0-8D11-00A0C91BC942}") = "libracket", "..\libracket\libracket.vcproj", "{A6713577-7DFB-48F8-B8C1-7DB2D7C51F90}"
	ProjectSection(ProjectDependencies) = postProject
		{66548E7B-294E-40EF-B7C0-C8D6D7E6234F} = {66548E7B-294E-40EF-B7C0-C8D6D7E6234F}
	EndProjectSection
EndProject
Project("{8BC9CEB8-8B4A-11D0-8D11-00A0C91BC942}") = "libmzgc", "..\libmzgc\libmzgc.vcproj", "{66548E7B-294E-40EF-B7C0-C8D6D7E6234F}"
EndProject
Project("{8BC9CEB8-8B4A-11D0-8D11-00A0C91BC942}") = "jpeg", "..\jpeg\jpeg.vcproj", "{1549C7C5-AF41-43BE-B905-BA6374FE6BEC}"
EndProject
Project("{8BC9CEB8-8B4A-11D0-8D11-00A0C91BC942}") = "png", "..\png\png.vcproj", "{85CFDF8A-E7A2-4B6D-A0D2-1C75835B6AEA}"
EndProject
Project("{8BC9CEB8-8B4A-11D0-8D11-00A0C91BC942}") = "wxme", "..\wxme\wxme.vcproj", "{1C9F9C4D-FA97-4A56-8E7F-CA1EC99C35E3}"
EndProject
Project("{8BC9CEB8-8B4A-11D0-8D11-00A0C91BC942}") = "wxs", "..\wxs\wxs.vcproj", "{B9FC613A-B427-4DB5-B1E3-7673D384ECE3}"
EndProject
Project("{8BC9CEB8-8B4A-11D0-8D11-00A0C91BC942}") = "wxutils", "..\wxutils\wxutils.vcproj", "{31231DD7-4B8F-4E46-A747-81E41AFE04B5}"
EndProject
Project("{8BC9CEB8-8B4A-11D0-8D11-00A0C91BC942}") = "wxwin", "..\wxwin\wxwin.vcproj", "{5386B148-05B4-483B-B144-C3E2A6E15C78}"
EndProject
Project("{8BC9CEB8-8B4A-11D0-8D11-00A0C91BC942}") = "zlib", "..\zlib\zlib.vcproj", "{8CE7DC81-695B-436B-AA96-2D753846AFE5}"
EndProject
Global
	GlobalSection(SolutionConfigurationPlatforms) = preSolution
		Release|Win32 = Release|Win32
		Debug|Win32 = Debug|Win32
	EndGlobalSection
	GlobalSection(ProjectConfigurationPlatforms) = postSolution
		{D59A2B28-330B-41F5-8261-F5BC1019E163}.Debug|Win32.ActiveCfg = Debug|Win32
		{D59A2B28-330B-41F5-8261-F5BC1019E163}.Debug|Win32.Build.0 = Debug|Win32
		{D59A2B28-330B-41F5-8261-F5BC1019E163}.Release|Win32.ActiveCfg = Release|Win32
		{D59A2B28-330B-41F5-8261-F5BC1019E163}.Release|Win32.Build.0 = Release|Win32
		{81BD2D42-F150-493D-94BA-88585B202789}.Debug|Win32.ActiveCfg = Debug|Win32
		{81BD2D42-F150-493D-94BA-88585B202789}.Debug|Win32.Build.0 = Debug|Win32
		{81BD2D42-F150-493D-94BA-88585B202789}.Release|Win32.ActiveCfg = Release|Win32
		{81BD2D42-F150-493D-94BA-88585B202789}.Release|Win32.Build.0 = Release|Win32
		{A6713577-7DFB-48F8-B8C1-7DB2D7C51F90}.Debug|Win32.ActiveCfg = Debug|Win32
		{A6713577-7DFB-48F8-B8C1-7DB2D7C51F90}.Debug|Win32.Build.0 = Debug|Win32
		{A6713577-7DFB-48F8-B8C1-7DB2D7C51F90}.Release|Win32.ActiveCfg = Release|Win32
		{A6713577-7DFB-48F8-B8C1-7DB2D7C51F90}.Release|Win32.Build.0 = Release|Win32
		{66548E7B-294E-40EF-B7C0-C8D6D7E6234F}.Debug|Win32.ActiveCfg = Debug|Win32
		{66548E7B-294E-40EF-B7C0-C8D6D7E6234F}.Debug|Win32.Build.0 = Debug|Win32
		{66548E7B-294E-40EF-B7C0-C8D6D7E6234F}.Release|Win32.ActiveCfg = Release|Win32
		{66548E7B-294E-40EF-B7C0-C8D6D7E6234F}.Release|Win32.Build.0 = Release|Win32
		{1549C7C5-AF41-43BE-B905-BA6374FE6BEC}.Debug|Win32.ActiveCfg = Debug|Win32
		{1549C7C5-AF41-43BE-B905-BA6374FE6BEC}.Debug|Win32.Build.0 = Debug|Win32
		{1549C7C5-AF41-43BE-B905-BA6374FE6BEC}.Release|Win32.ActiveCfg = Release|Win32
		{1549C7C5-AF41-43BE-B905-BA6374FE6BEC}.Release|Win32.Build.0 = Release|Win32
		{85CFDF8A-E7A2-4B6D-A0D2-1C75835B6AEA}.Debug|Win32.ActiveCfg = Debug|Win32
		{85CFDF8A-E7A2-4B6D-A0D2-1C75835B6AEA}.Debug|Win32.Build.0 = Debug|Win32
		{85CFDF8A-E7A2-4B6D-A0D2-1C75835B6AEA}.Release|Win32.ActiveCfg = Release|Win32
		{85CFDF8A-E7A2-4B6D-A0D2-1C75835B6AEA}.Release|Win32.Build.0 = Release|Win32
		{1C9F9C4D-FA97-4A56-8E7F-CA1EC99C35E3}.Debug|Win32.ActiveCfg = Debug|Win32
		{1C9F9C4D-FA97-4A56-8E7F-CA1EC99C35E3}.Debug|Win32.Build.0 = Debug|Win32
		{1C9F9C4D-FA97-4A56-8E7F-CA1EC99C35E3}.Release|Win32.ActiveCfg = Release|Win32
		{1C9F9C4D-FA97-4A56-8E7F-CA1EC99C35E3}.Release|Win32.Build.0 = Release|Win32
		{B9FC613A-B427-4DB5-B1E3-7673D384ECE3}.Debug|Win32.ActiveCfg = Debug|Win32
		{B9FC613A-B427-4DB5-B1E3-7673D384ECE3}.Debug|Win32.Build.0 = Debug|Win32
		{B9FC613A-B427-4DB5-B1E3-7673D384ECE3}.Release|Win32.ActiveCfg = Release|Win32
		{B9FC613A-B427-4DB5-B1E3-7673D384ECE3}.Release|Win32.Build.0 = Release|Win32
		{31231DD7-4B8F-4E46-A747-81E41AFE04B5}.Debug|Win32.ActiveCfg = Debug|Win32
		{31231DD7-4B8F-4E46-A747-81E41AFE04B5}.Debug|Win32.Build.0 = Debug|Win32
		{31231DD7-4B8F-4E46-A747-81E41AFE04B5}.Release|Win32.ActiveCfg = Release|Win32
		{31231DD7-4B8F-4E46-A747-81E41AFE04B5}.Release|Win32.Build.0 = Release|Win32
		{5386B148-05B4-483B-B144-C3E2A6E15C78}.Debug|Win32.ActiveCfg = Debug|Win32
		{5386B148-05B4-483B-B144-C3E2A6E15C78}.Debug|Win32.Build.0 = Debug|Win32
		{5386B148-05B4-483B-B144-C3E2A6E15C78}.Release|Win32.ActiveCfg = Release|Win32
		{5386B148-05B4-483B-B144-C3E2A6E15C78}.Release|Win32.Build.0 = Release|Win32
		{8CE7DC81-695B-436B-AA96-2D753846AFE5}.Debug|Win32.ActiveCfg = Debug|Win32
		{8CE7DC81-695B-436B-AA96-2D753846AFE5}.Debug|Win32.Build.0 = Debug|Win32
		{8CE7DC81-695B-436B-AA96-2D753846AFE5}.Release|Win32.ActiveCfg = Release|Win32
		{8CE7DC81-695B-436B-AA96-2D753846AFE5}.Release|Win32.Build.0 = Release|Win32
	EndGlobalSection
	GlobalSection(SolutionProperties) = preSolution
		HideSolutionNode = FALSE
	EndGlobalSection
EndGlobal
