Microsoft Visual Studio Solution File, Format Version 7.00
Project("{8BC9CEB8-8B4A-11D0-8D11-00A0C91BC942}") = "MzCOM", "MzCOM.vcproj", "{36F31050-55C6-41A3-A23E-3008EBFC1273}"
EndProject
Project("{8BC9CEB8-8B4A-11D0-8D11-00A0C91BC942}") = "libmzsch", "..\libmzsch\libmzsch.vcproj", "{4894077C-B1DF-438E-9978-96628CD3F030}"
EndProject
Project("{8BC9CEB8-8B4A-11D0-8D11-00A0C91BC942}") = "libmzgc", "..\libmzgc\libmzgc.vcproj", "{3FAA1824-F251-4A4F-A585-33308CCC51A8}"
EndProject
Global
	GlobalSection(SolutionConfiguration) = preSolution
		ConfigName.0 = Debug
		ConfigName.1 = Release
	EndGlobalSection
	GlobalSection(ProjectDependencies) = postSolution
		{4894077C-B1DF-438E-9978-96628CD3F030}.0 = {3FAA1824-F251-4A4F-A585-33308CCC51A8}
		{36F31050-55C6-41A3-A23E-3008EBFC1273}.0 = {3FAA1824-F251-4A4F-A585-33308CCC51A8}
		{36F31050-55C6-41A3-A23E-3008EBFC1273}.1 = {4894077C-B1DF-438E-9978-96628CD3F030}
	EndGlobalSection
	GlobalSection(ProjectConfiguration) = postSolution
		{36F31050-55C6-41A3-A23E-3008EBFC1273}.Debug.ActiveCfg = Debug|Win32
		{36F31050-55C6-41A3-A23E-3008EBFC1273}.Debug.Build.0 = Debug|Win32
		{36F31050-55C6-41A3-A23E-3008EBFC1273}.Release.ActiveCfg = Release|Win32
		{36F31050-55C6-41A3-A23E-3008EBFC1273}.Release.Build.0 = Release|Win32
		{3FAA1824-F251-4A4F-A585-33308CCC51A8}.Debug.ActiveCfg = Debug|Win32
		{3FAA1824-F251-4A4F-A585-33308CCC51A8}.Debug.Build.0 = Debug|Win32
		{3FAA1824-F251-4A4F-A585-33308CCC51A8}.Release.ActiveCfg = Release|Win32
		{3FAA1824-F251-4A4F-A585-33308CCC51A8}.Release.Build.0 = Release|Win32
		{4894077C-B1DF-438E-9978-96628CD3F030}.Debug.ActiveCfg = Debug|Win32
		{4894077C-B1DF-438E-9978-96628CD3F030}.Debug.Build.0 = Debug|Win32
		{4894077C-B1DF-438E-9978-96628CD3F030}.Release.ActiveCfg = Release|Win32
		{4894077C-B1DF-438E-9978-96628CD3F030}.Release.Build.0 = Release|Win32
	EndGlobalSection
	GlobalSection(ExtensibilityGlobals) = postSolution
	EndGlobalSection
	GlobalSection(ExtensibilityAddIns) = postSolution
	EndGlobalSection
EndGlobal
